
Microsoft Visual Studio Solution File, Format Version 12.00
# Visual Studio Version 17
VisualStudioVersion = 17.8.34511.84
MinimumVisualStudioVersion = 10.0.40219.1
Project("{FAE04EC0-301F-11D3-BF4B-00C04F79EFBC}") = "ProjetoJessicaMacielVideo", "ProjetoJessicaMacielVideo\ProjetoJessicaMacielVideo.csproj", "{CFC010C5-956B-4FAB-8539-A533C4E4E606}"
EndProject
Global
	GlobalSection(SolutionConfigurationPlatforms) = preSolution
		Debug|Any CPU = Debug|Any CPU
		Release|Any CPU = Release|Any CPU
	EndGlobalSection
	GlobalSection(ProjectConfigurationPlatforms) = postSolution
		{CFC010C5-956B-4FAB-8539-A533C4E4E606}.Debug|Any CPU.ActiveCfg = Debug|Any CPU
		{CFC010C5-956B-4FAB-8539-A533C4E4E606}.Debug|Any CPU.Build.0 = Debug|Any CPU
		{CFC010C5-956B-4FAB-8539-A533C4E4E606}.Release|Any CPU.ActiveCfg = Release|Any CPU
		{CFC010C5-956B-4FAB-8539-A533C4E4E606}.Release|Any CPU.Build.0 = Release|Any CPU
	EndGlobalSection
	GlobalSection(SolutionProperties) = preSolution
		HideSolutionNode = FALSE
	EndGlobalSection
	GlobalSection(ExtensibilityGlobals) = postSolution
		SolutionGuid = {627D36A7-6B9D-4D3E-85B3-4A7054069FB9}
	EndGlobalSection
EndGlobal
